
Microsoft Visual Studio Solution File, Format Version 12.00
# Visual Studio 15
Project("{FAE04EC0-301F-11D3-BF4B-00C04F79EFBC}") = "Assembly-CSharp", "Assembly-CSharp.csproj", "{AC3473AE-F487-D0F9-BA9C-E4A69BEA22A0}"
EndProject
Project("{FAE04EC0-301F-11D3-BF4B-00C04F79EFBC}") = "Assembly-CSharp-firstpass", "Assembly-CSharp-firstpass.csproj", "{84B937FD-3724-FC37-EB5B-C698CC4CE80A}"
EndProject
Global
	GlobalSection(SolutionConfigurationPlatforms) = preSolution
		Debug|Any CPU = Debug|Any CPU
		Release|Any CPU = Release|Any CPU
	EndGlobalSection
	GlobalSection(ProjectConfigurationPlatforms) = postSolution
		{AC3473AE-F487-D0F9-BA9C-E4A69BEA22A0}.Debug|Any CPU.ActiveCfg = Debug|Any CPU
		{AC3473AE-F487-D0F9-BA9C-E4A69BEA22A0}.Debug|Any CPU.Build.0 = Debug|Any CPU
		{AC3473AE-F487-D0F9-BA9C-E4A69BEA22A0}.Release|Any CPU.ActiveCfg = Release|Any CPU
		{AC3473AE-F487-D0F9-BA9C-E4A69BEA22A0}.Release|Any CPU.Build.0 = Release|Any CPU
		{84B937FD-3724-FC37-EB5B-C698CC4CE80A}.Debug|Any CPU.ActiveCfg = Debug|Any CPU
		{84B937FD-3724-FC37-EB5B-C698CC4CE80A}.Debug|Any CPU.Build.0 = Debug|Any CPU
		{84B937FD-3724-FC37-EB5B-C698CC4CE80A}.Release|Any CPU.ActiveCfg = Release|Any CPU
		{84B937FD-3724-FC37-EB5B-C698CC4CE80A}.Release|Any CPU.Build.0 = Release|Any CPU
	EndGlobalSection
	GlobalSection(SolutionProperties) = preSolution
		HideSolutionNode = FALSE
	EndGlobalSection
EndGlobal
